
Microsoft Visual Studio Solution File, Format Version 12.00
Project("{FAE04EC0-301F-11D3-BF4B-00C04F79EFBC}") = "Katmanli_Mimari", "Katmanli_Mimari\Katmanli_Mimari.csproj", "{8CCD1B92-16D5-4CC5-A8D9-A2C79D56D067}"
EndProject
Project("{FAE04EC0-301F-11D3-BF4B-00C04F79EFBC}") = "EntityLayer", "EntityLayer\EntityLayer.csproj", "{731A3419-2355-4771-B7AA-CB7766104C91}"
EndProject
Project("{FAE04EC0-301F-11D3-BF4B-00C04F79EFBC}") = "DataAccessLayer", "DataAccessLayer\DataAccessLayer.csproj", "{A270BDAD-A4F7-4AAE-9BB8-09EFB2A54E1B}"
EndProject
Project("{FAE04EC0-301F-11D3-BF4B-00C04F79EFBC}") = "BusinessLayer", "BusinessLayer\BusinessLayer.csproj", "{0ECFFAA8-1A01-40D3-9CA7-A4B8C6CA5659}"
EndProject
Global
	GlobalSection(SolutionConfigurationPlatforms) = preSolution
		Debug|Any CPU = Debug|Any CPU
		Release|Any CPU = Release|Any CPU
	EndGlobalSection
	GlobalSection(ProjectConfigurationPlatforms) = postSolution
		{8CCD1B92-16D5-4CC5-A8D9-A2C79D56D067}.Debug|Any CPU.ActiveCfg = Debug|Any CPU
		{8CCD1B92-16D5-4CC5-A8D9-A2C79D56D067}.Debug|Any CPU.Build.0 = Debug|Any CPU
		{8CCD1B92-16D5-4CC5-A8D9-A2C79D56D067}.Release|Any CPU.ActiveCfg = Release|Any CPU
		{8CCD1B92-16D5-4CC5-A8D9-A2C79D56D067}.Release|Any CPU.Build.0 = Release|Any CPU
		{731A3419-2355-4771-B7AA-CB7766104C91}.Debug|Any CPU.ActiveCfg = Debug|Any CPU
		{731A3419-2355-4771-B7AA-CB7766104C91}.Debug|Any CPU.Build.0 = Debug|Any CPU
		{731A3419-2355-4771-B7AA-CB7766104C91}.Release|Any CPU.ActiveCfg = Release|Any CPU
		{731A3419-2355-4771-B7AA-CB7766104C91}.Release|Any CPU.Build.0 = Release|Any CPU
		{A270BDAD-A4F7-4AAE-9BB8-09EFB2A54E1B}.Debug|Any CPU.ActiveCfg = Debug|Any CPU
		{A270BDAD-A4F7-4AAE-9BB8-09EFB2A54E1B}.Debug|Any CPU.Build.0 = Debug|Any CPU
		{A270BDAD-A4F7-4AAE-9BB8-09EFB2A54E1B}.Release|Any CPU.ActiveCfg = Release|Any CPU
		{A270BDAD-A4F7-4AAE-9BB8-09EFB2A54E1B}.Release|Any CPU.Build.0 = Release|Any CPU
		{0ECFFAA8-1A01-40D3-9CA7-A4B8C6CA5659}.Debug|Any CPU.ActiveCfg = Debug|Any CPU
		{0ECFFAA8-1A01-40D3-9CA7-A4B8C6CA5659}.Debug|Any CPU.Build.0 = Debug|Any CPU
		{0ECFFAA8-1A01-40D3-9CA7-A4B8C6CA5659}.Release|Any CPU.ActiveCfg = Release|Any CPU
		{0ECFFAA8-1A01-40D3-9CA7-A4B8C6CA5659}.Release|Any CPU.Build.0 = Release|Any CPU
	EndGlobalSection
EndGlobal
